
Microsoft Visual Studio Solution File, Format Version 12.00
# Visual Studio 15
VisualStudioVersion = 15.0.28307.271
MinimumVisualStudioVersion = 10.0.40219.1
Project("{FAE04EC0-301F-11D3-BF4B-00C04F79EFBC}") = "GetAverage", "GetAverage\GetAverage.csproj", "{D03F48A4-4248-4FC4-AD55-4E3D4686FAF5}"
EndProject
Global
	GlobalSection(SolutionConfigurationPlatforms) = preSolution
		Debug|Any CPU = Debug|Any CPU
		Release|Any CPU = Release|Any CPU
	EndGlobalSection
	GlobalSection(ProjectConfigurationPlatforms) = postSolution
		{D03F48A4-4248-4FC4-AD55-4E3D4686FAF5}.Debug|Any CPU.ActiveCfg = Debug|Any CPU
		{D03F48A4-4248-4FC4-AD55-4E3D4686FAF5}.Debug|Any CPU.Build.0 = Debug|Any CPU
		{D03F48A4-4248-4FC4-AD55-4E3D4686FAF5}.Release|Any CPU.ActiveCfg = Release|Any CPU
		{D03F48A4-4248-4FC4-AD55-4E3D4686FAF5}.Release|Any CPU.Build.0 = Release|Any CPU
	EndGlobalSection
	GlobalSection(SolutionProperties) = preSolution
		HideSolutionNode = FALSE
	EndGlobalSection
	GlobalSection(ExtensibilityGlobals) = postSolution
		SolutionGuid = {430C27E6-EAC3-4A0C-9446-0DDC5D234335}
	EndGlobalSection
EndGlobal
