
Microsoft Visual Studio Solution File, Format Version 12.00
# Visual Studio 15
VisualStudioVersion = 15.0.28307.271
MinimumVisualStudioVersion = 10.0.40219.1
Project("{FAE04EC0-301F-11D3-BF4B-00C04F79EFBC}") = "MadLib", "MadLib\MadLib.csproj", "{2D421CB7-E7CF-4FEE-8871-5C4C80CE3CB5}"
EndProject
Global
	GlobalSection(SolutionConfigurationPlatforms) = preSolution
		Debug|Any CPU = Debug|Any CPU
		Release|Any CPU = Release|Any CPU
	EndGlobalSection
	GlobalSection(ProjectConfigurationPlatforms) = postSolution
		{2D421CB7-E7CF-4FEE-8871-5C4C80CE3CB5}.Debug|Any CPU.ActiveCfg = Debug|Any CPU
		{2D421CB7-E7CF-4FEE-8871-5C4C80CE3CB5}.Debug|Any CPU.Build.0 = Debug|Any CPU
		{2D421CB7-E7CF-4FEE-8871-5C4C80CE3CB5}.Release|Any CPU.ActiveCfg = Release|Any CPU
		{2D421CB7-E7CF-4FEE-8871-5C4C80CE3CB5}.Release|Any CPU.Build.0 = Release|Any CPU
	EndGlobalSection
	GlobalSection(SolutionProperties) = preSolution
		HideSolutionNode = FALSE
	EndGlobalSection
	GlobalSection(ExtensibilityGlobals) = postSolution
		SolutionGuid = {62146441-32F8-4AF4-88DD-0BCC364D3625}
	EndGlobalSection
EndGlobal
