
Microsoft Visual Studio Solution File, Format Version 12.00
# Visual Studio 15
VisualStudioVersion = 15.0.28307.271
MinimumVisualStudioVersion = 10.0.40219.1
Project("{FAE04EC0-301F-11D3-BF4B-00C04F79EFBC}") = "SimpleMath", "SimpleMath\SimpleMath.csproj", "{FA7D138D-91EA-4FDB-98AD-938F7935313B}"
EndProject
Global
	GlobalSection(SolutionConfigurationPlatforms) = preSolution
		Debug|Any CPU = Debug|Any CPU
		Release|Any CPU = Release|Any CPU
	EndGlobalSection
	GlobalSection(ProjectConfigurationPlatforms) = postSolution
		{FA7D138D-91EA-4FDB-98AD-938F7935313B}.Debug|Any CPU.ActiveCfg = Debug|Any CPU
		{FA7D138D-91EA-4FDB-98AD-938F7935313B}.Debug|Any CPU.Build.0 = Debug|Any CPU
		{FA7D138D-91EA-4FDB-98AD-938F7935313B}.Release|Any CPU.ActiveCfg = Release|Any CPU
		{FA7D138D-91EA-4FDB-98AD-938F7935313B}.Release|Any CPU.Build.0 = Release|Any CPU
	EndGlobalSection
	GlobalSection(SolutionProperties) = preSolution
		HideSolutionNode = FALSE
	EndGlobalSection
	GlobalSection(ExtensibilityGlobals) = postSolution
		SolutionGuid = {D2622051-177C-4A65-96C6-586541B614DF}
	EndGlobalSection
EndGlobal
